// !$*UTF8*$!
{
	archiveVersion = 1;
	classes = {
	};
	objectVersion = 50;
	objects = {

/* Begin PBXBuildFile section */
		1075972721FC2EF000DB9130 /* AppDelegate.m in Sources */ = {isa = PBXBuildFile; fileRef = 1075972621FC2EF000DB9130 /* AppDelegate.m */; };
		1075972A21FC2EF000DB9130 /* ViewController.m in Sources */ = {isa = PBXBuildFile; fileRef = 1075972921FC2EF000DB9130 /* ViewController.m */; };
		1075972D21FC2EF000DB9130 /* Main.storyboard in Resources */ = {isa = PBXBuildFile; fileRef = 1075972B21FC2EF000DB9130 /* Main.storyboard */; };
		1075972F21FC2EF000DB9130 /* Assets.xcassets in Resources */ = {isa = PBXBuildFile; fileRef = 1075972E21FC2EF000DB9130 /* Assets.xcassets */; };
		1075973221FC2EF000DB9130 /* LaunchScreen.storyboard in Resources */ = {isa = PBXBuildFile; fileRef = 1075973021FC2EF000DB9130 /* LaunchScreen.storyboard */; };
		1075973521FC2EF000DB9130 /* main.m in Sources */ = {isa = PBXBuildFile; fileRef = 1075973421FC2EF000DB9130 /* main.m */; };
		1075973D21FC2F8A00DB9130 /* TestAddFile.m in Sources */ = {isa = PBXBuildFile; fileRef = 1075973C21FC2F8A00DB9130 /* TestAddFile.m */; };
/* End PBXBuildFile section */

/* Begin PBXFileReference section */
		1075972221FC2EF000DB9130 /* HHTestGit.app */ = {isa = PBXFileReference; explicitFileType = wrapper.application; includeInIndex = 0; path = HHTestGit.app; sourceTree = BUILT_PRODUCTS_DIR; };
		1075972521FC2EF000DB9130 /* AppDelegate.h */ = {isa = PBXFileReference; lastKnownFileType = sourcecode.c.h; path = AppDelegate.h; sourceTree = "<group>"; };
		1075972621FC2EF000DB9130 /* AppDelegate.m */ = {isa = PBXFileReference; lastKnownFileType = sourcecode.c.objc; path = AppDelegate.m; sourceTree = "<group>"; };
		1075972821FC2EF000DB9130 /* ViewController.h */ = {isa = PBXFileReference; lastKnownFileType = sourcecode.c.h; path = ViewController.h; sourceTree = "<group>"; };
		1075972921FC2EF000DB9130 /* ViewController.m */ = {isa = PBXFileReference; lastKnownFileType = sourcecode.c.objc; path = ViewController.m; sourceTree = "<group>"; };
		1075972C21FC2EF000DB9130 /* Base */ = {isa = PBXFileReference; lastKnownFileType = file.storyboard; name = Base; path = Base.lproj/Main.storyboard; sourceTree = "<group>"; };
		1075972E21FC2EF000DB9130 /* Assets.xcassets */ = {isa = PBXFileReference; lastKnownFileType = folder.assetcatalog; path = Assets.xcassets; sourceTree = "<group>"; };
		1075973121FC2EF000DB9130 /* Base */ = {isa = PBXFileReference; lastKnownFileType = file.storyboard; name = Base; path = Base.lproj/LaunchScreen.storyboard; sourceTree = "<group>"; };
		1075973321FC2EF000DB9130 /* Info.plist */ = {isa = PBXFileReference; lastKnownFileType = text.plist.xml; path = Info.plist; sourceTree = "<group>"; };
		1075973421FC2EF000DB9130 /* main.m */ = {isa = PBXFileReference; lastKnownFileType = sourcecode.c.objc; path = main.m; sourceTree = "<group>"; };
		1075973B21FC2F8A00DB9130 /* TestAddFile.h */ = {isa = PBXFileReference; lastKnownFileType = sourcecode.c.h; path = TestAddFile.h; sourceTree = "<group>"; };
		1075973C21FC2F8A00DB9130 /* TestAddFile.m */ = {isa = PBXFileReference; lastKnownFileType = sourcecode.c.objc; path = TestAddFile.m; sourceTree = "<group>"; };
/* End PBXFileReference section */

/* Begin PBXFrameworksBuildPhase section */
		1075971F21FC2EEF00DB9130 /* Frameworks */ = {
			isa = PBXFrameworksBuildPhase;
			buildActionMask = 2147483647;
			files = (
			);
			runOnlyForDeploymentPostprocessing = 0;
		};
/* End PBXFrameworksBuildPhase section */

/* Begin PBXGroup section */
		1075971921FC2EEF00DB9130 = {
			isa = PBXGroup;
			children = (
				1075972421FC2EF000DB9130 /* HHTestGit */,
				1075972321FC2EF000DB9130 /* Products */,
			);
			sourceTree = "<group>";
		};
		1075972321FC2EF000DB9130 /* Products */ = {
			isa = PBXGroup;
			children = (
				1075972221FC2EF000DB9130 /* HHTestGit.app */,
			);
			name = Products;
			sourceTree = "<group>";
		};
		1075972421FC2EF000DB9130 /* HHTestGit */ = {
			isa = PBXGroup;
			children = (
				1075972521FC2EF000DB9130 /* AppDelegate.h */,
				1075972621FC2EF000DB9130 /* AppDelegate.m */,
				1075972821FC2EF000DB9130 /* ViewController.h */,
				1075972921FC2EF000DB9130 /* ViewController.m */,
				1075972B21FC2EF000DB9130 /* Main.storyboard */,
				1075972E21FC2EF000DB9130 /* Assets.xcassets */,
				1075973021FC2EF000DB9130 /* LaunchScreen.storyboard */,
				1075973321FC2EF000DB9130 /* Info.plist */,
				1075973421FC2EF000DB9130 /* main.m */,
				1075973B21FC2F8A00DB9130 /* TestAddFile.h */,
				1075973C21FC2F8A00DB9130 /* TestAddFile.m */,
			);
			path = HHTestGit;
			sourceTree = "<group>";
		};
/* End PBXGroup section */

/* Begin PBXNativeTarget section */
		1075972121FC2EEF00DB9130 /* HHTestGit */ = {
			isa = PBXNativeTarget;
			buildConfigurationList = 1075973821FC2EF000DB9130 /* Build configuration list for PBXNativeTarget "HHTestGit" */;
			buildPhases = (
				1075971E21FC2EEF00DB9130 /* Sources */,
				1075971F21FC2EEF00DB9130 /* Frameworks */,
				1075972021FC2EEF00DB9130 /* Resources */,
			);
			buildRules = (
			);
			dependencies = (
			);
			name = HHTestGit;
			productName = HHTestGit;
			productReference = 1075972221FC2EF000DB9130 /* HHTestGit.app */;
			productType = "com.apple.product-type.application";
		};
/* End PBXNativeTarget section */

/* Begin PBXProject section */
		1075971A21FC2EEF00DB9130 /* Project object */ = {
			isa = PBXProject;
			attributes = {
				LastUpgradeCheck = 1010;
				ORGANIZATIONNAME = Q;
				TargetAttributes = {
					1075972121FC2EEF00DB9130 = {
						CreatedOnToolsVersion = 10.1;
					};
				};
			};
			buildConfigurationList = 1075971D21FC2EEF00DB9130 /* Build configuration list for PBXProject "HHTestGit" */;
			compatibilityVersion = "Xcode 9.3";
			developmentRegion = en;
			hasScannedForEncodings = 0;
			knownRegions = (
				en,
				Base,
			);
			mainGroup = 1075971921FC2EEF00DB9130;
			productRefGroup = 1075972321FC2EF000DB9130 /* Products */;
			projectDirPath = "";
			projectRoot = "";
			targets = (
				1075972121FC2EEF00DB9130 /* HHTestGit */,
			);
		};
/* End PBXProject section */

/* Begin PBXResourcesBuildPhase section */
		1075972021FC2EEF00DB9130 /* Resources */ = {
			isa = PBXResourcesBuildPhase;
			buildActionMask = 2147483647;
			files = (
				1075973221FC2EF000DB9130 /* LaunchScreen.storyboard in Resources */,
				1075972F21FC2EF000DB9130 /* Assets.xcassets in Resources */,
				1075972D21FC2EF000DB9130 /* Main.storyboard in Resources */,
			);
			runOnlyForDeploymentPostprocessing = 0;
		};
/* End PBXResourcesBuildPhase section */

/* Begin PBXSourcesBuildPhase section */
		1075971E21FC2EEF00DB9130 /* Sources */ = {
			isa = PBXSourcesBuildPhase;
			buildActionMask = 2147483647;
			files = (
				1075972A21FC2EF000DB9130 /* ViewController.m in Sources */,
				1075973D21FC2F8A00DB9130 /* TestAddFile.m in Sources */,
				1075973521FC2EF000DB9130 /* main.m in Sources */,
				1075972721FC2EF000DB9130 /* AppDelegate.m in Sources */,
			);
			runOnlyForDeploymentPostprocessing = 0;
		};
/* End PBXSourcesBuildPhase section */

/* Begin PBXVariantGroup section */
		1075972B21FC2EF000DB9130 /* Main.storyboard */ = {
			isa = PBXVariantGroup;
			children = (
				1075972C21FC2EF000DB9130 /* Base */,
			);
			name = Main.storyboard;
			sourceTree = "<group>";
		};
		1075973021FC2EF000DB9130 /* LaunchScreen.storyboard */ = {
			isa = PBXVariantGroup;
			children = (
				1075973121FC2EF000DB9130 /* Base */,
			);
			name = LaunchScreen.storyboard;
			sourceTree = "<group>";
		};
/* End PBXVariantGroup section */

/* Begin XCBuildConfiguration section */
		1075973621FC2EF000DB9130 /* Debug */ = {
			isa = XCBuildConfiguration;
			buildSettings = {
				ALWAYS_SEARCH_USER_PATHS = NO;
				CLANG_ANALYZER_NONNULL = YES;
				CLANG_ANALYZER_NUMBER_OBJECT_CONVERSION = YES_AGGRESSIVE;
				CLANG_CXX_LANGUAGE_STANDARD = "gnu++14";
				CLANG_CXX_LIBRARY = "libc++";
				CLANG_ENABLE_MODULES = YES;
				CLANG_ENABLE_OBJC_ARC = YES;
				CLANG_ENABLE_OBJC_WEAK = YES;
				CLANG_WARN_BLOCK_CAPTURE_AUTORELEASING = YES;
				CLANG_WARN_BOOL_CONVERSION = YES;
				CLANG_WARN_COMMA = YES;
				CLANG_WARN_CONSTANT_CONVERSION = YES;
				CLANG_WARN_DEPRECATED_OBJC_IMPLEMENTATIONS = YES;
				CLANG_WARN_DIRECT_OBJC_ISA_USAGE = YES_ERROR;
				CLANG_WARN_DOCUMENTATION_COMMENTS = YES;
				CLANG_WARN_EMPTY_BODY = YES;
				CLANG_WARN_ENUM_CONVERSION = YES;
				CLANG_WARN_INFINITE_RECURSION = YES;
				CLANG_WARN_INT_CONVERSION = YES;
				CLANG_WARN_NON_LITERAL_NULL_CONVERSION = YES;
				CLANG_WARN_OBJC_IMPLICIT_RETAIN_SELF = YES;
				CLANG_WARN_OBJC_LITERAL_CONVERSION = YES;
				CLANG_WARN_OBJC_ROOT_CLASS = YES_ERROR;
				CLANG_WARN_RANGE_LOOP_ANALYSIS = YES;
				CLANG_WARN_STRICT_PROTOTYPES = YES;
				CLANG_WARN_SUSPICIOUS_MOVE = YES;
				CLANG_WARN_UNGUARDED_AVAILABILITY = YES_AGGRESSIVE;
				CLANG_WARN_UNREACHABLE_CODE = YES;
				CLANG_WARN__DUPLICATE_METHOD_MATCH = YES;
				CODE_SIGN_IDENTITY = "iPhone Developer";
				COPY_PHASE_STRIP = NO;
				DEBUG_INFORMATION_FORMAT = dwarf;
				ENABLE_STRICT_OBJC_MSGSEND = YES;
				ENABLE_TESTABILITY = YES;
				GCC_C_LANGUAGE_STANDARD = gnu11;
				GCC_DYNAMIC_NO_PIC = NO;
				GCC_NO_COMMON_BLOCKS = YES;
				GCC_OPTIMIZATION_LEVEL = 0;
				GCC_PREPROCESSOR_DEFINITIONS = (
					"DEBUG=1",
					"$(inherited)",
				);
				GCC_WARN_64_TO_32_BIT_CONVERSION = YES;
				GCC_WARN_ABOUT_RETURN_TYPE = YES_ERROR;
				GCC_WARN_UNDECLARED_SELECTOR = YES;
				GCC_WARN_UNINITIALIZED_AUTOS = YES_AGGRESSIVE;
				GCC_WARN_UNUSED_FUNCTION = YES;
				GCC_WARN_UNUSED_VARIABLE = YES;
				IPHONEOS_DEPLOYMENT_TARGET = 12.1;
				MTL_ENABLE_DEBUG_INFO = INCLUDE_SOURCE;
				MTL_FAST_MATH = YES;
				ONLY_ACTIVE_ARCH = YES;
				SDKROOT = iphoneos;
			};
			name = Debug;
		};
		1075973721FC2EF000DB9130 /* Release */ = {
			isa = XCBuildConfiguration;
			buildSettings = {
				ALWAYS_SEARCH_USER_PATHS = NO;
				CLANG_ANALYZER_NONNULL = YES;
				CLANG_ANALYZER_NUMBER_OBJECT_CONVERSION = YES_AGGRESSIVE;
				CLANG_CXX_LANGUAGE_STANDARD = "gnu++14";
				CLANG_CXX_LIBRARY = "libc++";
				CLANG_ENABLE_MODULES = YES;
				CLANG_ENABLE_OBJC_ARC = YES;
				CLANG_ENABLE_OBJC_WEAK = YES;
				CLANG_WARN_BLOCK_CAPTURE_AUTORELEASING = YES;
				CLANG_WARN_BOOL_CONVERSION = YES;
				CLANG_WARN_COMMA = YES;
				CLANG_WARN_CONSTANT_CONVERSION = YES;
				CLANG_WARN_DEPRECATED_OBJC_IMPLEMENTATIONS = YES;
				CLANG_WARN_DIRECT_OBJC_ISA_USAGE = YES_ERROR;
				CLANG_WARN_DOCUMENTATION_COMMENTS = YES;
				CLANG_WARN_EMPTY_BODY = YES;
				CLANG_WARN_ENUM_CONVERSION = YES;
				CLANG_WARN_INFINITE_RECURSION = YES;
				CLANG_WARN_INT_CONVERSION = YES;
				CLANG_WARN_NON_LITERAL_NULL_CONVERSION = YES;
				CLANG_WARN_OBJC_IMPLICIT_RETAIN_SELF = YES;
				CLANG_WARN_OBJC_LITERAL_CONVERSION = YES;
				CLANG_WARN_OBJC_ROOT_CLASS = YES_ERROR;
				CLANG_WARN_RANGE_LOOP_ANALYSIS = YES;
				CLANG_WARN_STRICT_PROTOTYPES = YES;
				CLANG_WARN_SUSPICIOUS_MOVE = YES;
				CLANG_WARN_UNGUARDED_AVAILABILITY = YES_AGGRESSIVE;
				CLANG_WARN_UNREACHABLE_CODE = YES;
				CLANG_WARN__DUPLICATE_METHOD_MATCH = YES;
				CODE_SIGN_IDENTITY = "iPhone Developer";
				COPY_PHASE_STRIP = NO;
				DEBUG_INFORMATION_FORMAT = "dwarf-with-dsym";
				ENABLE_NS_ASSERTIONS = NO;
				ENABLE_STRICT_OBJC_MSGSEND = YES;
				GCC_C_LANGUAGE_STANDARD = gnu11;
				GCC_NO_COMMON_BLOCKS = YES;
				GCC_WARN_64_TO_32_BIT_CONVERSION = YES;
				GCC_WARN_ABOUT_RETURN_TYPE = YES_ERROR;
				GCC_WARN_UNDECLARED_SELECTOR = YES;
				GCC_WARN_UNINITIALIZED_AUTOS = YES_AGGRESSIVE;
				GCC_WARN_UNUSED_FUNCTION = YES;
				GCC_WARN_UNUSED_VARIABLE = YES;
				IPHONEOS_DEPLOYMENT_TARGET = 12.1;
				MTL_ENABLE_DEBUG_INFO = NO;
				MTL_FAST_MATH = YES;
				SDKROOT = iphoneos;
				VALIDATE_PRODUCT = YES;
			};
			name = Release;
		};
		1075973921FC2EF000DB9130 /* Debug */ = {
			isa = XCBuildConfiguration;
			buildSettings = {
				ASSETCATALOG_COMPILER_APPICON_NAME = AppIcon;
				CODE_SIGN_STYLE = Automatic;
				INFOPLIST_FILE = HHTestGit/Info.plist;
				LD_RUNPATH_SEARCH_PATHS = (
					"$(inherited)",
					"@executable_path/Frameworks",
				);
				PRODUCT_BUNDLE_IDENTIFIER = com.qianlong.HHTestGit;
				PRODUCT_NAME = "$(TARGET_NAME)";
				TARGETED_DEVICE_FAMILY = "1,2";
			};
			name = Debug;
		};
		1075973A21FC2EF000DB9130 /* Release */ = {
			isa = XCBuildConfiguration;
			buildSettings = {
				ASSETCATALOG_COMPILER_APPICON_NAME = AppIcon;
				CODE_SIGN_STYLE = Automatic;
				INFOPLIST_FILE = HHTestGit/Info.plist;
				LD_RUNPATH_SEARCH_PATHS = (
					"$(inherited)",
					"@executable_path/Frameworks",
				);
				PRODUCT_BUNDLE_IDENTIFIER = com.qianlong.HHTestGit;
				PRODUCT_NAME = "$(TARGET_NAME)";
				TARGETED_DEVICE_FAMILY = "1,2";
			};
			name = Release;
		};
/* End XCBuildConfiguration section */

/* Begin XCConfigurationList section */
		1075971D21FC2EEF00DB9130 /* Build configuration list for PBXProject "HHTestGit" */ = {
			isa = XCConfigurationList;
			buildConfigurations = (
				1075973621FC2EF000DB9130 /* Debug */,
				1075973721FC2EF000DB9130 /* Release */,
			);
			defaultConfigurationIsVisible = 0;
			defaultConfigurationName = Release;
		};
		1075973821FC2EF000DB9130 /* Build configuration list for PBXNativeTarget "HHTestGit" */ = {
			isa = XCConfigurationList;
			buildConfigurations = (
				1075973921FC2EF000DB9130 /* Debug */,
				1075973A21FC2EF000DB9130 /* Release */,
			);
			defaultConfigurationIsVisible = 0;
			defaultConfigurationName = Release;
		};
/* End XCConfigurationList section */
	};
	rootObject = 1075971A21FC2EEF00DB9130 /* Project object */;
}
