// !$*UTF8*$!
{
	archiveVersion = 1;
	classes = {
	};
	objectVersion = 50;
	objects = {

/* Begin PBXBuildFile section */
		1075972721FC2EF000DB9130 /* AppDelegate.m in Sources */ = {isa = PBXBuildFile; fileRef = 1075972621FC2EF000DB9130 /* AppDelegate.m */; };
		1075972A21FC2EF000DB9130 /* ViewController.m in Sources */ = {isa = PBXBuildFile; fileRef = 1075972921FC2EF000DB9130 /* ViewController.m */; };
		1075972D21FC2EF000DB9130 /* Main.storyboard in Resources */ = {isa = PBXBuildFile; fileRef = 1075972B21FC2EF000DB9130 /* Main.storyboard */; };
		1075972F21FC2EF000DB9130 /* Assets.xcassets in Resources */ = {isa = PBXBuildFile; fileRef = 1075972E21FC2EF000DB9130 /* Assets.xcassets */; };
		1075973221FC2EF000DB9130 /* LaunchScreen.storyboard in Resources */ = {isa = PBXBuildFile; fileRef = 1075973021FC2EF000DB9130 /* LaunchScreen.storyboard */; };
		1075973521FC2EF000DB9130 /* main.m in Sources */ = {isa = PBXBuildFile; fileRef = 1075973421FC2EF000DB9130 /* main.m */; };
		1075973D21FC2F8A00DB9130 /* TestAddFile.m in Sources */ = {isa = PBXBuildFile; fileRef = 1075973C21FC2F8A00DB9130 /* TestAddFile.m */; };
		1077B7A02222741100672E9A /* HHUserBean.m in Sources */ = {isa = PBXBuildFile; fileRef = 1077B79F2222741100672E9A /* HHUserBean.m */; };
		1077B7A3222277FC00672E9A /* HHAllData.m in Sources */ = {isa = PBXBuildFile; fileRef = 1077B7A2222277FC00672E9A /* HHAllData.m */; };
		9D3A14A3A9F4190B16A2D064 /* libPods-HHTestGit.a in Frameworks */ = {isa = PBXBuildFile; fileRef = 29AC78AB36B7D3600A1648F5 /* libPods-HHTestGit.a */; };
/* End PBXBuildFile section */

/* Begin PBXFileReference section */
		1075972221FC2EF000DB9130 /* HHTestGit.app */ = {isa = PBXFileReference; explicitFileType = wrapper.application; includeInIndex = 0; path = HHTestGit.app; sourceTree = BUILT_PRODUCTS_DIR; };
		1075972521FC2EF000DB9130 /* AppDelegate.h */ = {isa = PBXFileReference; lastKnownFileType = sourcecode.c.h; path = AppDelegate.h; sourceTree = "<group>"; };
		1075972621FC2EF000DB9130 /* AppDelegate.m */ = {isa = PBXFileReference; lastKnownFileType = sourcecode.c.objc; path = AppDelegate.m; sourceTree = "<group>"; };
		1075972821FC2EF000DB9130 /* ViewController.h */ = {isa = PBXFileReference; lastKnownFileType = sourcecode.c.h; path = ViewController.h; sourceTree = "<group>"; };
		1075972921FC2EF000DB9130 /* ViewController.m */ = {isa = PBXFileReference; lastKnownFileType = sourcecode.c.objc; path = ViewController.m; sourceTree = "<group>"; };
		1075972C21FC2EF000DB9130 /* Base */ = {isa = PBXFileReference; lastKnownFileType = file.storyboard; name = Base; path = Base.lproj/Main.storyboard; sourceTree = "<group>"; };
		1075972E21FC2EF000DB9130 /* Assets.xcassets */ = {isa = PBXFileReference; lastKnownFileType = folder.assetcatalog; path = Assets.xcassets; sourceTree = "<group>"; };
		1075973121FC2EF000DB9130 /* Base */ = {isa = PBXFileReference; lastKnownFileType = file.storyboard; name = Base; path = Base.lproj/LaunchScreen.storyboard; sourceTree = "<group>"; };
		1075973321FC2EF000DB9130 /* Info.plist */ = {isa = PBXFileReference; lastKnownFileType = text.plist.xml; path = Info.plist; sourceTree = "<group>"; };
		1075973421FC2EF000DB9130 /* main.m */ = {isa = PBXFileReference; lastKnownFileType = sourcecode.c.objc; path = main.m; sourceTree = "<group>"; };
		1075973B21FC2F8A00DB9130 /* TestAddFile.h */ = {isa = PBXFileReference; lastKnownFileType = sourcecode.c.h; path = TestAddFile.h; sourceTree = "<group>"; };
		1075973C21FC2F8A00DB9130 /* TestAddFile.m */ = {isa = PBXFileReference; lastKnownFileType = sourcecode.c.objc; path = TestAddFile.m; sourceTree = "<group>"; };
		1077B79E2222741100672E9A /* HHUserBean.h */ = {isa = PBXFileReference; lastKnownFileType = sourcecode.c.h; path = HHUserBean.h; sourceTree = "<group>"; };
		1077B79F2222741100672E9A /* HHUserBean.m */ = {isa = PBXFileReference; lastKnownFileType = sourcecode.c.objc; path = HHUserBean.m; sourceTree = "<group>"; };
		1077B7A1222277FC00672E9A /* HHAllData.h */ = {isa = PBXFileReference; lastKnownFileType = sourcecode.c.h; path = HHAllData.h; sourceTree = "<group>"; };
		1077B7A2222277FC00672E9A /* HHAllData.m */ = {isa = PBXFileReference; lastKnownFileType = sourcecode.c.objc; path = HHAllData.m; sourceTree = "<group>"; };
		29AC78AB36B7D3600A1648F5 /* libPods-HHTestGit.a */ = {isa = PBXFileReference; explicitFileType = archive.ar; includeInIndex = 0; path = "libPods-HHTestGit.a"; sourceTree = BUILT_PRODUCTS_DIR; };
		6FDFC6236CA3785FE920FB0D /* Pods-HHTestGit.debug.xcconfig */ = {isa = PBXFileReference; includeInIndex = 1; lastKnownFileType = text.xcconfig; name = "Pods-HHTestGit.debug.xcconfig"; path = "Pods/Target Support Files/Pods-HHTestGit/Pods-HHTestGit.debug.xcconfig"; sourceTree = "<group>"; };
		F4EAFCCAA7A61D9D019D47B1 /* Pods-HHTestGit.release.xcconfig */ = {isa = PBXFileReference; includeInIndex = 1; lastKnownFileType = text.xcconfig; name = "Pods-HHTestGit.release.xcconfig"; path = "Pods/Target Support Files/Pods-HHTestGit/Pods-HHTestGit.release.xcconfig"; sourceTree = "<group>"; };
/* End PBXFileReference section */

/* Begin PBXFrameworksBuildPhase section */
		1075971F21FC2EEF00DB9130 /* Frameworks */ = {
			isa = PBXFrameworksBuildPhase;
			buildActionMask = 2147483647;
			files = (
				9D3A14A3A9F4190B16A2D064 /* libPods-HHTestGit.a in Frameworks */,
			);
			runOnlyForDeploymentPostprocessing = 0;
		};
/* End PBXFrameworksBuildPhase section */

/* Begin PBXGroup section */
		1075971921FC2EEF00DB9130 = {
			isa = PBXGroup;
			children = (
				1075972421FC2EF000DB9130 /* HHTestGit */,
				1075972321FC2EF000DB9130 /* Products */,
				CD58266AF06BD99A18B66022 /* Pods */,
				8FA95CD0FEFFD462CB3DC1B9 /* Frameworks */,
			);
			sourceTree = "<group>";
		};
		1075972321FC2EF000DB9130 /* Products */ = {
			isa = PBXGroup;
			children = (
				1075972221FC2EF000DB9130 /* HHTestGit.app */,
			);
			name = Products;
			sourceTree = "<group>";
		};
		1075972421FC2EF000DB9130 /* HHTestGit */ = {
			isa = PBXGroup;
			children = (
				1075972521FC2EF000DB9130 /* AppDelegate.h */,
				1075972621FC2EF000DB9130 /* AppDelegate.m */,
				1075972821FC2EF000DB9130 /* ViewController.h */,
				1075972921FC2EF000DB9130 /* ViewController.m */,
				1075972B21FC2EF000DB9130 /* Main.storyboard */,
				1075972E21FC2EF000DB9130 /* Assets.xcassets */,
				1075973021FC2EF000DB9130 /* LaunchScreen.storyboard */,
				1075973321FC2EF000DB9130 /* Info.plist */,
				1075973421FC2EF000DB9130 /* main.m */,
				1075973B21FC2F8A00DB9130 /* TestAddFile.h */,
				1075973C21FC2F8A00DB9130 /* TestAddFile.m */,
				1077B79E2222741100672E9A /* HHUserBean.h */,
				1077B79F2222741100672E9A /* HHUserBean.m */,
				1077B7A1222277FC00672E9A /* HHAllData.h */,
				1077B7A2222277FC00672E9A /* HHAllData.m */,
			);
			path = HHTestGit;
			sourceTree = "<group>";
		};
		8FA95CD0FEFFD462CB3DC1B9 /* Frameworks */ = {
			isa = PBXGroup;
			children = (
				29AC78AB36B7D3600A1648F5 /* libPods-HHTestGit.a */,
			);
			name = Frameworks;
			sourceTree = "<group>";
		};
		CD58266AF06BD99A18B66022 /* Pods */ = {
			isa = PBXGroup;
			children = (
				6FDFC6236CA3785FE920FB0D /* Pods-HHTestGit.debug.xcconfig */,
				F4EAFCCAA7A61D9D019D47B1 /* Pods-HHTestGit.release.xcconfig */,
			);
			name = Pods;
			sourceTree = "<group>";
		};
/* End PBXGroup section */

/* Begin PBXNativeTarget section */
		1075972121FC2EEF00DB9130 /* HHTestGit */ = {
			isa = PBXNativeTarget;
			buildConfigurationList = 1075973821FC2EF000DB9130 /* Build configuration list for PBXNativeTarget "HHTestGit" */;
			buildPhases = (
				2E816CD53797E7CF95A420A5 /* [CP] Check Pods Manifest.lock */,
				1075971E21FC2EEF00DB9130 /* Sources */,
				1075971F21FC2EEF00DB9130 /* Frameworks */,
				1075972021FC2EEF00DB9130 /* Resources */,
				3F67C4102DFE8CD013AFE6F6 /* [CP] Copy Pods Resources */,
			);
			buildRules = (
			);
			dependencies = (
			);
			name = HHTestGit;
			productName = HHTestGit;
			productReference = 1075972221FC2EF000DB9130 /* HHTestGit.app */;
			productType = "com.apple.product-type.application";
		};
/* End PBXNativeTarget section */

/* Begin PBXProject section */
		1075971A21FC2EEF00DB9130 /* Project object */ = {
			isa = PBXProject;
			attributes = {
				LastUpgradeCheck = 1010;
				ORGANIZATIONNAME = Q;
				TargetAttributes = {
					1075972121FC2EEF00DB9130 = {
						CreatedOnToolsVersion = 10.1;
					};
				};
			};
			buildConfigurationList = 1075971D21FC2EEF00DB9130 /* Build configuration list for PBXProject "HHTestGit" */;
			compatibilityVersion = "Xcode 9.3";
			developmentRegion = en;
			hasScannedForEncodings = 0;
			knownRegions = (
				en,
				Base,
			);
			mainGroup = 1075971921FC2EEF00DB9130;
			productRefGroup = 1075972321FC2EF000DB9130 /* Products */;
			projectDirPath = "";
			projectRoot = "";
			targets = (
				1075972121FC2EEF00DB9130 /* HHTestGit */,
			);
		};
/* End PBXProject section */

/* Begin PBXResourcesBuildPhase section */
		1075972021FC2EEF00DB9130 /* Resources */ = {
			isa = PBXResourcesBuildPhase;
			buildActionMask = 2147483647;
			files = (
				1075973221FC2EF000DB9130 /* LaunchScreen.storyboard in Resources */,
				1075972F21FC2EF000DB9130 /* Assets.xcassets in Resources */,
				1075972D21FC2EF000DB9130 /* Main.storyboard in Resources */,
			);
			runOnlyForDeploymentPostprocessing = 0;
		};
/* End PBXResourcesBuildPhase section */

/* Begin PBXShellScriptBuildPhase section */
		2E816CD53797E7CF95A420A5 /* [CP] Check Pods Manifest.lock */ = {
			isa = PBXShellScriptBuildPhase;
			buildActionMask = 2147483647;
			files = (
			);
			inputFileListPaths = (
			);
			inputPaths = (
				"${PODS_PODFILE_DIR_PATH}/Podfile.lock",
				"${PODS_ROOT}/Manifest.lock",
			);
			name = "[CP] Check Pods Manifest.lock";
			outputFileListPaths = (
			);
			outputPaths = (
				"$(DERIVED_FILE_DIR)/Pods-HHTestGit-checkManifestLockResult.txt",
			);
			runOnlyForDeploymentPostprocessing = 0;
			shellPath = /bin/sh;
			shellScript = "diff \"${PODS_PODFILE_DIR_PATH}/Podfile.lock\" \"${PODS_ROOT}/Manifest.lock\" > /dev/null\nif [ $? != 0 ] ; then\n    # print error to STDERR\n    echo \"error: The sandbox is not in sync with the Podfile.lock. Run 'pod install' or update your CocoaPods installation.\" >&2\n    exit 1\nfi\n# This output is used by Xcode 'outputs' to avoid re-running this script phase.\necho \"SUCCESS\" > \"${SCRIPT_OUTPUT_FILE_0}\"\n";
			showEnvVarsInLog = 0;
		};
		3F67C4102DFE8CD013AFE6F6 /* [CP] Copy Pods Resources */ = {
			isa = PBXShellScriptBuildPhase;
			buildActionMask = 2147483647;
			files = (
			);
			inputFileListPaths = (
			);
			inputPaths = (
				"${SRCROOT}/Pods/Target Support Files/Pods-HHTestGit/Pods-HHTestGit-resources.sh",
				"${PODS_ROOT}/WeexSDK/pre-build/native-bundle-main.js",
				"${PODS_ROOT}/WeexSDK/pre-build/weex-main-jsfm.js",
				"${PODS_ROOT}/WeexSDK/pre-build/weex-polyfill.js",
				"${PODS_ROOT}/WeexSDK/pre-build/weex-rax-api.js",
				"${PODS_ROOT}/WeexSDK/ios/sdk/WeexSDK/Resources/wx_load_error@3x.png",
				"${PODS_ROOT}/Weibo_SDK/libWeiboSDK/WeiboSDK.bundle",
			);
			name = "[CP] Copy Pods Resources";
			outputFileListPaths = (
			);
			outputPaths = (
				"${TARGET_BUILD_DIR}/${UNLOCALIZED_RESOURCES_FOLDER_PATH}/native-bundle-main.js",
				"${TARGET_BUILD_DIR}/${UNLOCALIZED_RESOURCES_FOLDER_PATH}/weex-main-jsfm.js",
				"${TARGET_BUILD_DIR}/${UNLOCALIZED_RESOURCES_FOLDER_PATH}/weex-polyfill.js",
				"${TARGET_BUILD_DIR}/${UNLOCALIZED_RESOURCES_FOLDER_PATH}/weex-rax-api.js",
				"${TARGET_BUILD_DIR}/${UNLOCALIZED_RESOURCES_FOLDER_PATH}/wx_load_error@3x.png",
				"${TARGET_BUILD_DIR}/${UNLOCALIZED_RESOURCES_FOLDER_PATH}/WeiboSDK.bundle",
			);
			runOnlyForDeploymentPostprocessing = 0;
			shellPath = /bin/sh;
			shellScript = "\"${SRCROOT}/Pods/Target Support Files/Pods-HHTestGit/Pods-HHTestGit-resources.sh\"\n";
			showEnvVarsInLog = 0;
		};
/* End PBXShellScriptBuildPhase section */

/* Begin PBXSourcesBuildPhase section */
		1075971E21FC2EEF00DB9130 /* Sources */ = {
			isa = PBXSourcesBuildPhase;
			buildActionMask = 2147483647;
			files = (
				1075972A21FC2EF000DB9130 /* ViewController.m in Sources */,
				1077B7A3222277FC00672E9A /* HHAllData.m in Sources */,
				1077B7A02222741100672E9A /* HHUserBean.m in Sources */,
				1075973D21FC2F8A00DB9130 /* TestAddFile.m in Sources */,
				1075973521FC2EF000DB9130 /* main.m in Sources */,
				1075972721FC2EF000DB9130 /* AppDelegate.m in Sources */,
			);
			runOnlyForDeploymentPostprocessing = 0;
		};
/* End PBXSourcesBuildPhase section */

/* Begin PBXVariantGroup section */
		1075972B21FC2EF000DB9130 /* Main.storyboard */ = {
			isa = PBXVariantGroup;
			children = (
				1075972C21FC2EF000DB9130 /* Base */,
			);
			name = Main.storyboard;
			sourceTree = "<group>";
		};
		1075973021FC2EF000DB9130 /* LaunchScreen.storyboard */ = {
			isa = PBXVariantGroup;
			children = (
				1075973121FC2EF000DB9130 /* Base */,
			);
			name = LaunchScreen.storyboard;
			sourceTree = "<group>";
		};
/* End PBXVariantGroup section */

/* Begin XCBuildConfiguration section */
		1075973621FC2EF000DB9130 /* Debug */ = {
			isa = XCBuildConfiguration;
			buildSettings = {
				ALWAYS_SEARCH_USER_PATHS = NO;
				CLANG_ANALYZER_NONNULL = YES;
				CLANG_ANALYZER_NUMBER_OBJECT_CONVERSION = YES_AGGRESSIVE;
				CLANG_CXX_LANGUAGE_STANDARD = "gnu++14";
				CLANG_CXX_LIBRARY = "libc++";
				CLANG_ENABLE_MODULES = YES;
				CLANG_ENABLE_OBJC_ARC = YES;
				CLANG_ENABLE_OBJC_WEAK = YES;
				CLANG_WARN_BLOCK_CAPTURE_AUTORELEASING = YES;
				CLANG_WARN_BOOL_CONVERSION = YES;
				CLANG_WARN_COMMA = YES;
				CLANG_WARN_CONSTANT_CONVERSION = YES;
				CLANG_WARN_DEPRECATED_OBJC_IMPLEMENTATIONS = YES;
				CLANG_WARN_DIRECT_OBJC_ISA_USAGE = YES_ERROR;
				CLANG_WARN_DOCUMENTATION_COMMENTS = YES;
				CLANG_WARN_EMPTY_BODY = YES;
				CLANG_WARN_ENUM_CONVERSION = YES;
				CLANG_WARN_INFINITE_RECURSION = YES;
				CLANG_WARN_INT_CONVERSION = YES;
				CLANG_WARN_NON_LITERAL_NULL_CONVERSION = YES;
				CLANG_WARN_OBJC_IMPLICIT_RETAIN_SELF = YES;
				CLANG_WARN_OBJC_LITERAL_CONVERSION = YES;
				CLANG_WARN_OBJC_ROOT_CLASS = YES_ERROR;
				CLANG_WARN_RANGE_LOOP_ANALYSIS = YES;
				CLANG_WARN_STRICT_PROTOTYPES = YES;
				CLANG_WARN_SUSPICIOUS_MOVE = YES;
				CLANG_WARN_UNGUARDED_AVAILABILITY = YES_AGGRESSIVE;
				CLANG_WARN_UNREACHABLE_CODE = YES;
				CLANG_WARN__DUPLICATE_METHOD_MATCH = YES;
				CODE_SIGN_IDENTITY = "iPhone Developer";
				COPY_PHASE_STRIP = NO;
				DEBUG_INFORMATION_FORMAT = dwarf;
				ENABLE_STRICT_OBJC_MSGSEND = YES;
				ENABLE_TESTABILITY = YES;
				GCC_C_LANGUAGE_STANDARD = gnu11;
				GCC_DYNAMIC_NO_PIC = NO;
				GCC_NO_COMMON_BLOCKS = YES;
				GCC_OPTIMIZATION_LEVEL = 0;
				GCC_PREPROCESSOR_DEFINITIONS = (
					"DEBUG=1",
					"$(inherited)",
				);
				GCC_WARN_64_TO_32_BIT_CONVERSION = YES;
				GCC_WARN_ABOUT_RETURN_TYPE = YES_ERROR;
				GCC_WARN_UNDECLARED_SELECTOR = YES;
				GCC_WARN_UNINITIALIZED_AUTOS = YES_AGGRESSIVE;
				GCC_WARN_UNUSED_FUNCTION = YES;
				GCC_WARN_UNUSED_VARIABLE = YES;
				IPHONEOS_DEPLOYMENT_TARGET = 12.1;
				MTL_ENABLE_DEBUG_INFO = INCLUDE_SOURCE;
				MTL_FAST_MATH = YES;
				ONLY_ACTIVE_ARCH = YES;
				SDKROOT = iphoneos;
			};
			name = Debug;
		};
		1075973721FC2EF000DB9130 /* Release */ = {
			isa = XCBuildConfiguration;
			buildSettings = {
				ALWAYS_SEARCH_USER_PATHS = NO;
				CLANG_ANALYZER_NONNULL = YES;
				CLANG_ANALYZER_NUMBER_OBJECT_CONVERSION = YES_AGGRESSIVE;
				CLANG_CXX_LANGUAGE_STANDARD = "gnu++14";
				CLANG_CXX_LIBRARY = "libc++";
				CLANG_ENABLE_MODULES = YES;
				CLANG_ENABLE_OBJC_ARC = YES;
				CLANG_ENABLE_OBJC_WEAK = YES;
				CLANG_WARN_BLOCK_CAPTURE_AUTORELEASING = YES;
				CLANG_WARN_BOOL_CONVERSION = YES;
				CLANG_WARN_COMMA = YES;
				CLANG_WARN_CONSTANT_CONVERSION = YES;
				CLANG_WARN_DEPRECATED_OBJC_IMPLEMENTATIONS = YES;
				CLANG_WARN_DIRECT_OBJC_ISA_USAGE = YES_ERROR;
				CLANG_WARN_DOCUMENTATION_COMMENTS = YES;
				CLANG_WARN_EMPTY_BODY = YES;
				CLANG_WARN_ENUM_CONVERSION = YES;
				CLANG_WARN_INFINITE_RECURSION = YES;
				CLANG_WARN_INT_CONVERSION = YES;
				CLANG_WARN_NON_LITERAL_NULL_CONVERSION = YES;
				CLANG_WARN_OBJC_IMPLICIT_RETAIN_SELF = YES;
				CLANG_WARN_OBJC_LITERAL_CONVERSION = YES;
				CLANG_WARN_OBJC_ROOT_CLASS = YES_ERROR;
				CLANG_WARN_RANGE_LOOP_ANALYSIS = YES;
				CLANG_WARN_STRICT_PROTOTYPES = YES;
				CLANG_WARN_SUSPICIOUS_MOVE = YES;
				CLANG_WARN_UNGUARDED_AVAILABILITY = YES_AGGRESSIVE;
				CLANG_WARN_UNREACHABLE_CODE = YES;
				CLANG_WARN__DUPLICATE_METHOD_MATCH = YES;
				CODE_SIGN_IDENTITY = "iPhone Developer";
				COPY_PHASE_STRIP = NO;
				DEBUG_INFORMATION_FORMAT = "dwarf-with-dsym";
				ENABLE_NS_ASSERTIONS = NO;
				ENABLE_STRICT_OBJC_MSGSEND = YES;
				GCC_C_LANGUAGE_STANDARD = gnu11;
				GCC_NO_COMMON_BLOCKS = YES;
				GCC_WARN_64_TO_32_BIT_CONVERSION = YES;
				GCC_WARN_ABOUT_RETURN_TYPE = YES_ERROR;
				GCC_WARN_UNDECLARED_SELECTOR = YES;
				GCC_WARN_UNINITIALIZED_AUTOS = YES_AGGRESSIVE;
				GCC_WARN_UNUSED_FUNCTION = YES;
				GCC_WARN_UNUSED_VARIABLE = YES;
				IPHONEOS_DEPLOYMENT_TARGET = 12.1;
				MTL_ENABLE_DEBUG_INFO = NO;
				MTL_FAST_MATH = YES;
				SDKROOT = iphoneos;
				VALIDATE_PRODUCT = YES;
			};
			name = Release;
		};
		1075973921FC2EF000DB9130 /* Debug */ = {
			isa = XCBuildConfiguration;
			baseConfigurationReference = 6FDFC6236CA3785FE920FB0D /* Pods-HHTestGit.debug.xcconfig */;
			buildSettings = {
				ASSETCATALOG_COMPILER_APPICON_NAME = AppIcon;
				CODE_SIGN_STYLE = Automatic;
				INFOPLIST_FILE = HHTestGit/Info.plist;
				LD_RUNPATH_SEARCH_PATHS = (
					"$(inherited)",
					"@executable_path/Frameworks",
				);
				PRODUCT_BUNDLE_IDENTIFIER = com.qianlong.HHTestGit;
				PRODUCT_NAME = "$(TARGET_NAME)";
				TARGETED_DEVICE_FAMILY = "1,2";
			};
			name = Debug;
		};
		1075973A21FC2EF000DB9130 /* Release */ = {
			isa = XCBuildConfiguration;
			baseConfigurationReference = F4EAFCCAA7A61D9D019D47B1 /* Pods-HHTestGit.release.xcconfig */;
			buildSettings = {
				ASSETCATALOG_COMPILER_APPICON_NAME = AppIcon;
				CODE_SIGN_STYLE = Automatic;
				INFOPLIST_FILE = HHTestGit/Info.plist;
				LD_RUNPATH_SEARCH_PATHS = (
					"$(inherited)",
					"@executable_path/Frameworks",
				);
				PRODUCT_BUNDLE_IDENTIFIER = com.qianlong.HHTestGit;
				PRODUCT_NAME = "$(TARGET_NAME)";
				TARGETED_DEVICE_FAMILY = "1,2";
			};
			name = Release;
		};
/* End XCBuildConfiguration section */

/* Begin XCConfigurationList section */
		1075971D21FC2EEF00DB9130 /* Build configuration list for PBXProject "HHTestGit" */ = {
			isa = XCConfigurationList;
			buildConfigurations = (
				1075973621FC2EF000DB9130 /* Debug */,
				1075973721FC2EF000DB9130 /* Release */,
			);
			defaultConfigurationIsVisible = 0;
			defaultConfigurationName = Release;
		};
		1075973821FC2EF000DB9130 /* Build configuration list for PBXNativeTarget "HHTestGit" */ = {
			isa = XCConfigurationList;
			buildConfigurations = (
				1075973921FC2EF000DB9130 /* Debug */,
				1075973A21FC2EF000DB9130 /* Release */,
			);
			defaultConfigurationIsVisible = 0;
			defaultConfigurationName = Release;
		};
/* End XCConfigurationList section */
	};
	rootObject = 1075971A21FC2EEF00DB9130 /* Project object */;
}
